
Microsoft Visual Studio Solution File, Format Version 12.00
# Visual Studio Version 17
VisualStudioVersion = 17.2.32630.192
MinimumVisualStudioVersion = 10.0.40219.1
Project("{FAE04EC0-301F-11D3-BF4B-00C04F79EFBC}") = "SwitchStatements", "SwitchStatements.csproj", "{414FCD53-735F-4982-85B2-99D83F4C88C3}"
EndProject
Global
	GlobalSection(SolutionConfigurationPlatforms) = preSolution
		Debug|Any CPU = Debug|Any CPU
		Release|Any CPU = Release|Any CPU
	EndGlobalSection
	GlobalSection(ProjectConfigurationPlatforms) = postSolution
		{414FCD53-735F-4982-85B2-99D83F4C88C3}.Debug|Any CPU.ActiveCfg = Debug|Any CPU
		{414FCD53-735F-4982-85B2-99D83F4C88C3}.Debug|Any CPU.Build.0 = Debug|Any CPU
		{414FCD53-735F-4982-85B2-99D83F4C88C3}.Release|Any CPU.ActiveCfg = Release|Any CPU
		{414FCD53-735F-4982-85B2-99D83F4C88C3}.Release|Any CPU.Build.0 = Release|Any CPU
	EndGlobalSection
	GlobalSection(SolutionProperties) = preSolution
		HideSolutionNode = FALSE
	EndGlobalSection
	GlobalSection(ExtensibilityGlobals) = postSolution
		SolutionGuid = {585013FA-007C-49C4-858C-E38F1D3D45C3}
	EndGlobalSection
EndGlobal
